# THIS IS AN AUTOGENERATED FILE. DO NOT EDIT THIS FILE DIRECTLY.
# yarn lockfile v1


"@algolia/cache-browser-local-storage@4.8.5":
  version "4.8.5"
  resolved "https://registry.yarnpkg.com/@algolia/cache-browser-local-storage/-/cache-browser-local-storage-4.8.5.tgz#3eb10758c794d3cc8fc4e9f09e339d5b9589dc9c"
  integrity sha512-9rs/Yi82ilgifweJamOy4DlJ4xPGsCN/zg+RKy4vjytNhOrkEHLRQC8vPZ3OhD8KVlw9lRQIZTlgjgFl8iMeeA==
  dependencies:
    "@algolia/cache-common" "4.8.5"

"@algolia/cache-common@4.8.5":
  version "4.8.5"
  resolved "https://registry.yarnpkg.com/@algolia/cache-common/-/cache-common-4.8.5.tgz#86f8a6878bd2fc5c8d889e48d18d3033faa0bcd8"
  integrity sha512-4SvRWnagKtwBFAy8Rsfmv0/Uk53fZL+6dy2idwdx6SjMGKSs0y1Qv+thb4h/k/H5MONisAoT9C2rgZ/mqwh5yw==

"@algolia/cache-in-memory@4.8.5":
  version "4.8.5"
  resolved "https://registry.yarnpkg.com/@algolia/cache-in-memory/-/cache-in-memory-4.8.5.tgz#13055d54775f99aa4e1ce051e73079d0f207a3e6"
  integrity sha512-XBBfqs28FbjwLboY3sxvuzBgYsuXdFsj2mUvkgxfb0GVEzwW4I0NM7KzSPwT+iht55WS1PgIOnynjmhPsrubCw==
  dependencies:
    "@algolia/cache-common" "4.8.5"

"@algolia/client-account@4.8.5":
  version "4.8.5"
  resolved "https://registry.yarnpkg.com/@algolia/client-account/-/client-account-4.8.5.tgz#92df1dd0a7bea06e329873c7098c72cc4dd8e9d6"
  integrity sha512-DjXMpeCdY4J4IDBfowiG6Xl9ec/FhG1NpPQM0Uv4xXsc/TeeZ1JgbgNDhWe9jW0jBEALy+a/RmPrZ0vsxcadsg==
  dependencies:
    "@algolia/client-common" "4.8.5"
    "@algolia/client-search" "4.8.5"
    "@algolia/transporter" "4.8.5"

"@algolia/client-analytics@4.8.5":
  version "4.8.5"
  resolved "https://registry.yarnpkg.com/@algolia/client-analytics/-/client-analytics-4.8.5.tgz#1aa731a146b347022a0a9e0eb009f2b2f8d9825f"
  integrity sha512-PQEY+chbHmZnRJdaWsvUYzDpEPr60az0EPUexdouvXGZId15/SnDaXjnf89F7tYmCzkHdUtG4bSvPzAupQ4AFA==
  dependencies:
    "@algolia/client-common" "4.8.5"
    "@algolia/client-search" "4.8.5"
    "@algolia/requester-common" "4.8.5"
    "@algolia/transporter" "4.8.5"

"@algolia/client-common@4.8.5":
  version "4.8.5"
  resolved "https://registry.yarnpkg.com/@algolia/client-common/-/client-common-4.8.5.tgz#77e5d9bbfcb421fa8812cdd91943961c64793148"
  integrity sha512-Dn8vog2VrGsJeOcBMcSAEIjBtPyogzUBGlh1DtVd0m8GN6q+cImCESl6DY846M2PTYWsLBKBksq37eUfSe9FxQ==
  dependencies:
    "@algolia/requester-common" "4.8.5"
    "@algolia/transporter" "4.8.5"

"@algolia/client-recommendation@4.8.5":
  version "4.8.5"
  resolved "https://registry.yarnpkg.com/@algolia/client-recommendation/-/client-recommendation-4.8.5.tgz#f02f8f8ff3983597cae677ec0bc3eb01ae26121a"
  integrity sha512-ffawCC1C25rCa8/JU2niRZgwr8aV9b2qsLVMo73GXFzi2lceXPAe9K68mt/BGHU+w7PFUwVHsV2VmB+G/HQRVw==
  dependencies:
    "@algolia/client-common" "4.8.5"
    "@algolia/requester-common" "4.8.5"
    "@algolia/transporter" "4.8.5"

"@algolia/client-search@4.8.5":
  version "4.8.5"
  resolved "https://registry.yarnpkg.com/@algolia/client-search/-/client-search-4.8.5.tgz#970a5c91847822dbd82565f97bd2a0c37a5d56e6"
  integrity sha512-Ru2MljGZWrSQ0CVsDla11oGEPL/RinmVkLJfBtQ+/pk1868VfpAQFGKtOS/b8/xLrMA0Vm4EfC3Mgclk/p3KJA==
  dependencies:
    "@algolia/client-common" "4.8.5"
    "@algolia/requester-common" "4.8.5"
    "@algolia/transporter" "4.8.5"

"@algolia/logger-common@4.8.5":
  version "4.8.5"
  resolved "https://registry.yarnpkg.com/@algolia/logger-common/-/logger-common-4.8.5.tgz#ef275c532c21424f4b29b26ec2e27de2c973ad95"
  integrity sha512-PS6NS6bpED0rAxgCPGhjZJg9why0PnoVEE7ZoCbPq6lsAOc6FPlQLri4OiLyU7wx8RWDoVtOadyzulqAAsfPSQ==

"@algolia/logger-console@4.8.5":
  version "4.8.5"
  resolved "https://registry.yarnpkg.com/@algolia/logger-console/-/logger-console-4.8.5.tgz#8fe547fdcf76574963503f7c4ff2673e792ae886"
  integrity sha512-3+4gLSbwzuGmrb5go3IZNcFIYVMSbB4c8UMtWEJ/gDBtgGZIvT6f/KlvVSOHIhthSxaM3Y13V6Qile/SpGqc6A==
  dependencies:
    "@algolia/logger-common" "4.8.5"

"@algolia/requester-browser-xhr@4.8.5":
  version "4.8.5"
  resolved "https://registry.yarnpkg.com/@algolia/requester-browser-xhr/-/requester-browser-xhr-4.8.5.tgz#95e01e2dca38358055f08440f46d4f0b9f735280"
  integrity sha512-M/Gf2vv/fU4+CqDW+wok7HPpEcLym3NtDzU9zaPzGYI/9X7o36581oyfnzt2pNfsXSQVj5a2pZVUWC3Z4SO27w==
  dependencies:
    "@algolia/requester-common" "4.8.5"

"@algolia/requester-common@4.8.5":
  version "4.8.5"
  resolved "https://registry.yarnpkg.com/@algolia/requester-common/-/requester-common-4.8.5.tgz#952dec3b36c14495af158914cd6c0e2c9ce72b5e"
  integrity sha512-OIhsdwIrJVAlVlP7cwlt+RoR5AmxAoTGrFokOY9imVmgqXUUljdKO/DjhRL8vwYGFEidZ9efIjAIQ2B3XOhT9A==

"@algolia/requester-node-http@4.8.5":
  version "4.8.5"
  resolved "https://registry.yarnpkg.com/@algolia/requester-node-http/-/requester-node-http-4.8.5.tgz#a1e5a6d23a9a4e78abd5a2416f1a6c232b0a7e14"
  integrity sha512-viHAjfo53A3VSE7Bb/nzgpSMZ3prPp2qti7Wg8w7qxhntppKp3Fln6t4Vp+BoPOqruLsj139xXhheAKeRcYa0w==
  dependencies:
    "@algolia/requester-common" "4.8.5"

"@algolia/transporter@4.8.5":
  version "4.8.5"
  resolved "https://registry.yarnpkg.com/@algolia/transporter/-/transporter-4.8.5.tgz#86f4e286cb4eba6e62f1c0393c33cc17ff262fa9"
  integrity sha512-Rb3cMlh/GoJK0+g+49GNA3IvR/EXsDEBwpyM+FOotSwxgiGt1wGBHM0K2v0GHwIEcuww02pl6KMDVlilA+qh0g==
  dependencies:
    "@algolia/cache-common" "4.8.5"
    "@algolia/logger-common" "4.8.5"
    "@algolia/requester-common" "4.8.5"

algoliasearch@^4.8.5:
  version "4.8.5"
  resolved "https://registry.yarnpkg.com/algoliasearch/-/algoliasearch-4.8.5.tgz#17a97b01c46c1ac5c1cd99d950d65e7064c8b8a9"
  integrity sha512-GjKjpeevpePEJYinGokASNtIkl1t5EseNMlqDNAc+sXE8+iyyeqTyiJsN7bwlRG2BIremuslE/NlwdEfUuBLJw==
  dependencies:
    "@algolia/cache-browser-local-storage" "4.8.5"
    "@algolia/cache-common" "4.8.5"
    "@algolia/cache-in-memory" "4.8.5"
    "@algolia/client-account" "4.8.5"
    "@algolia/client-analytics" "4.8.5"
    "@algolia/client-common" "4.8.5"
    "@algolia/client-recommendation" "4.8.5"
    "@algolia/client-search" "4.8.5"
    "@algolia/logger-common" "4.8.5"
    "@algolia/logger-console" "4.8.5"
    "@algolia/requester-browser-xhr" "4.8.5"
    "@algolia/requester-common" "4.8.5"
    "@algolia/requester-node-http" "4.8.5"
    "@algolia/transporter" "4.8.5"
